<?xml version="1.0" encoding="utf-8"?>
<Project ToolsVersion="4.0" xmlns="http://schemas.microsoft.com/developer/msbuild/2003">
  <ItemGroup>
    <Filter Include="src">
      <UniqueIdentifier>{4FC737F1-C7A5-4376-A066-2A32D752A2FF}</UniqueIdentifier>
      <Extensions>cpp;c;cc;cxx;def;odl;idl;hpj;bat;asm;asmx</Extensions>
    </Filter>
    <Filter Include="src\common">
      <UniqueIdentifier>{c1662522-7ed5-455d-a6dd-43bd40c68af3}</UniqueIdentifier>
    </Filter>
    <Filter Include="src\builder">
      <UniqueIdentifier>{555209c4-e4b6-4fb1-bd22-9256abdd67ad}</UniqueIdentifier>
    </Filter>
    <Filter Include="src\infer">
      <UniqueIdentifier>{ccaa2911-0572-4115-9b6b-78e2ff4844f6}</UniqueIdentifier>
    </Filter>
    <Filter Include="src\onnxplugin">
      <UniqueIdentifier>{7d09b9c6-88bf-4100-a8ed-698035a0b28d}</UniqueIdentifier>
    </Filter>
    <Filter Include="src\onnxplugin\plugins">
      <UniqueIdentifier>{234f1647-c24b-4a06-8009-a2dab963cad7}</UniqueIdentifier>
    </Filter>
    <Filter Include="src\onnx_parser">
      <UniqueIdentifier>{c3b696d1-13aa-4f72-98a9-439b77ef4698}</UniqueIdentifier>
    </Filter>
    <Filter Include="src\onnx">
      <UniqueIdentifier>{9837a799-4a71-48fe-afbe-b3bfaab46e1d}</UniqueIdentifier>
    </Filter>
    <Filter Include="src\examples">
      <UniqueIdentifier>{a8e99737-8d11-40c0-8e71-15bbea97af59}</UniqueIdentifier>
    </Filter>
    <Filter Include="src\caffeplugin">
      <UniqueIdentifier>{3c8275bc-87c9-48a8-a42a-cc1e2ba3aabb}</UniqueIdentifier>
    </Filter>
    <Filter Include="src\caffeplugin\plugins">
      <UniqueIdentifier>{0a451f49-64f0-4f84-b2e5-013ee81ee24f}</UniqueIdentifier>
    </Filter>
  </ItemGroup>
  <ItemGroup>
    <ClCompile Include="src\import_lib.cpp">
      <Filter>src</Filter>
    </ClCompile>
    <ClCompile Include="src\common\cc_util.cpp">
      <Filter>src\common</Filter>
    </ClCompile>
    <ClCompile Include="src\builder\trt_builder.cpp">
      <Filter>src\builder</Filter>
    </ClCompile>
    <ClCompile Include="src\infer\trt_infer.cpp">
      <Filter>src\infer</Filter>
    </ClCompile>
    <ClCompile Include="src\main.cpp">
      <Filter>src</Filter>
    </ClCompile>
    <ClCompile Include="src\common\json.cpp">
      <Filter>src\common</Filter>
    </ClCompile>
    <ClCompile Include="src\onnxplugin\onnxplugin.cpp">
      <Filter>src\onnxplugin</Filter>
    </ClCompile>
    <ClCompile Include="src\onnx\onnx_ONNX_NAMESPACE-ml.pb.cpp">
      <Filter>src\onnx</Filter>
    </ClCompile>
    <ClCompile Include="src\onnx\onnx-operators_ONNX_NAMESPACE-ml.pb.cpp">
      <Filter>src\onnx</Filter>
    </ClCompile>
    <ClCompile Include="src\common\trt_common.cpp">
      <Filter>src\common</Filter>
    </ClCompile>
    <ClCompile Include="src\examples\dbface.cpp">
      <Filter>src\examples</Filter>
    </ClCompile>
    <ClCompile Include="src\examples\onnx.cpp">
      <Filter>src\examples</Filter>
    </ClCompile>
    <ClCompile Include="src\examples\center_net_coco2x_dcn.cpp">
      <Filter>src\examples</Filter>
    </ClCompile>
    <ClCompile Include="src\examples\center_track_coco_tracking.cpp">
      <Filter>src\examples</Filter>
    </ClCompile>
    <ClCompile Include="src\onnx_parser\builtin_op_importers.cpp">
      <Filter>src\onnx_parser</Filter>
    </ClCompile>
    <ClCompile Include="src\onnx_parser\InstanceNormalization.cpp">
      <Filter>src\onnx_parser</Filter>
    </ClCompile>
    <ClCompile Include="src\onnx_parser\ModelImporter.cpp">
      <Filter>src\onnx_parser</Filter>
    </ClCompile>
    <ClCompile Include="src\onnx_parser\NvOnnxParser.cpp">
      <Filter>src\onnx_parser</Filter>
    </ClCompile>
    <ClCompile Include="src\onnx_parser\onnx2trt_utils.cpp">
      <Filter>src\onnx_parser</Filter>
    </ClCompile>
    <ClCompile Include="src\onnx_parser\OnnxAttrs.cpp">
      <Filter>src\onnx_parser</Filter>
    </ClCompile>
    <ClCompile Include="src\onnx_parser\ShapedWeights.cpp">
      <Filter>src\onnx_parser</Filter>
    </ClCompile>
    <ClCompile Include="src\onnx_parser\plugin.cpp">
      <Filter>src\onnx_parser</Filter>
    </ClCompile>
    <ClCompile Include="src\caffeplugin\caffeplugin.cpp">
      <Filter>src\caffeplugin</Filter>
    </ClCompile>
  </ItemGroup>
  <ItemGroup>
    <ClInclude Include="src\common\cc_util.hpp">
      <Filter>src\common</Filter>
    </ClInclude>
    <ClInclude Include="src\builder\trt_builder.hpp">
      <Filter>src\builder</Filter>
    </ClInclude>
    <ClInclude Include="src\infer\trt_infer.hpp">
      <Filter>src\infer</Filter>
    </ClInclude>
    <ClInclude Include="src\infer\task_pool.hpp">
      <Filter>src\infer</Filter>
    </ClInclude>
    <ClInclude Include="src\common\json.hpp">
      <Filter>src\common</Filter>
    </ClInclude>
    <ClInclude Include="src\onnxplugin\plugins\DCNv2.hpp">
      <Filter>src\onnxplugin\plugins</Filter>
    </ClInclude>
    <ClInclude Include="src\onnxplugin\plugins\HSwish.hpp">
      <Filter>src\onnxplugin\plugins</Filter>
    </ClInclude>
    <ClInclude Include="src\onnx\onnx_ONNX_NAMESPACE-ml.pb.h">
      <Filter>src\onnx</Filter>
    </ClInclude>
    <ClInclude Include="src\onnx\onnx_pb.h">
      <Filter>src\onnx</Filter>
    </ClInclude>
    <ClInclude Include="src\onnx\onnx-operators_ONNX_NAMESPACE-ml.pb.h">
      <Filter>src\onnx</Filter>
    </ClInclude>
    <ClInclude Include="src\onnxplugin\onnxplugin.hpp">
      <Filter>src\onnxplugin</Filter>
    </ClInclude>
    <ClInclude Include="src\onnxplugin\plugins\MReLU.hpp">
      <Filter>src\onnxplugin\plugins</Filter>
    </ClInclude>
    <ClInclude Include="src\onnxplugin\plugins\HSigmoid.hpp">
      <Filter>src\onnxplugin\plugins</Filter>
    </ClInclude>
    <ClInclude Include="src\infer\ct_detect_backend.hpp">
      <Filter>src\infer</Filter>
    </ClInclude>
    <ClInclude Include="src\common\trt_common.hpp">
      <Filter>src\common</Filter>
    </ClInclude>
    <ClInclude Include="src\infer\dbface_backend.hpp">
      <Filter>src\infer</Filter>
    </ClInclude>
    <ClInclude Include="src\infer\trt_backend.hpp">
      <Filter>src\infer</Filter>
    </ClInclude>
    <ClInclude Include="src\onnx_parser\builtin_op_importers.hpp">
      <Filter>src\onnx_parser</Filter>
    </ClInclude>
    <ClInclude Include="src\onnx_parser\common.hpp">
      <Filter>src\onnx_parser</Filter>
    </ClInclude>
    <ClInclude Include="src\onnx_parser\ImporterContext.hpp">
      <Filter>src\onnx_parser</Filter>
    </ClInclude>
    <ClInclude Include="src\onnx_parser\InstanceNormalization.hpp">
      <Filter>src\onnx_parser</Filter>
    </ClInclude>
    <ClInclude Include="src\onnx_parser\ModelImporter.hpp">
      <Filter>src\onnx_parser</Filter>
    </ClInclude>
    <ClInclude Include="src\onnx_parser\NvOnnxParser.h">
      <Filter>src\onnx_parser</Filter>
    </ClInclude>
    <ClInclude Include="src\onnx_parser\NvOnnxParserTypedefs.h">
      <Filter>src\onnx_parser</Filter>
    </ClInclude>
    <ClInclude Include="src\onnx_parser\onnx_utils.hpp">
      <Filter>src\onnx_parser</Filter>
    </ClInclude>
    <ClInclude Include="src\onnx_parser\onnx2trt.hpp">
      <Filter>src\onnx_parser</Filter>
    </ClInclude>
    <ClInclude Include="src\onnx_parser\onnx2trt_common.hpp">
      <Filter>src\onnx_parser</Filter>
    </ClInclude>
    <ClInclude Include="src\onnx_parser\onnx2trt_utils.hpp">
      <Filter>src\onnx_parser</Filter>
    </ClInclude>
    <ClInclude Include="src\onnx_parser\OnnxAttrs.hpp">
      <Filter>src\onnx_parser</Filter>
    </ClInclude>
    <ClInclude Include="src\onnx_parser\plugin_common.hpp">
      <Filter>src\onnx_parser</Filter>
    </ClInclude>
    <ClInclude Include="src\onnx_parser\ResizeNearest.hpp">
      <Filter>src\onnx_parser</Filter>
    </ClInclude>
    <ClInclude Include="src\onnx_parser\serialize.hpp">
      <Filter>src\onnx_parser</Filter>
    </ClInclude>
    <ClInclude Include="src\onnx_parser\ShapedWeights.hpp">
      <Filter>src\onnx_parser</Filter>
    </ClInclude>
    <ClInclude Include="src\onnx_parser\Split.hpp">
      <Filter>src\onnx_parser</Filter>
    </ClInclude>
    <ClInclude Include="src\onnx_parser\Status.hpp">
      <Filter>src\onnx_parser</Filter>
    </ClInclude>
    <ClInclude Include="src\onnx_parser\TensorOrWeights.hpp">
      <Filter>src\onnx_parser</Filter>
    </ClInclude>
    <ClInclude Include="src\onnx_parser\toposort.hpp">
      <Filter>src\onnx_parser</Filter>
    </ClInclude>
    <ClInclude Include="src\onnx_parser\trt_utils.hpp">
      <Filter>src\onnx_parser</Filter>
    </ClInclude>
    <ClInclude Include="src\onnx_parser\utils.hpp">
      <Filter>src\onnx_parser</Filter>
    </ClInclude>
    <ClInclude Include="src\onnx_parser\plugin.hpp">
      <Filter>src\onnx_parser</Filter>
    </ClInclude>
    <ClInclude Include="src\caffeplugin\caffeplugin.hpp">
      <Filter>src\caffeplugin</Filter>
    </ClInclude>
    <ClInclude Include="src\caffeplugin\plugins\ChannelMultiplicationLayer.hpp">
      <Filter>src\caffeplugin\plugins</Filter>
    </ClInclude>
    <ClInclude Include="src\caffeplugin\plugins\ClipLayer.hpp">
      <Filter>src\caffeplugin\plugins</Filter>
    </ClInclude>
    <ClInclude Include="src\caffeplugin\plugins\DCNLayer.hpp">
      <Filter>src\caffeplugin\plugins</Filter>
    </ClInclude>
    <ClInclude Include="src\caffeplugin\plugins\PlexShuffleLayer.hpp">
      <Filter>src\caffeplugin\plugins</Filter>
    </ClInclude>
    <ClInclude Include="src\caffeplugin\plugins\TestPlugin.hpp">
      <Filter>src\caffeplugin\plugins</Filter>
    </ClInclude>
  </ItemGroup>
  <ItemGroup>
    <CudaCompile Include="src\onnxplugin\plugins\DCNv2.cu">
      <Filter>src\onnxplugin\plugins</Filter>
    </CudaCompile>
    <CudaCompile Include="src\onnxplugin\plugins\HSwish.cu">
      <Filter>src\onnxplugin\plugins</Filter>
    </CudaCompile>
    <CudaCompile Include="src\onnxplugin\plugins\MReLU.cu">
      <Filter>src\onnxplugin\plugins</Filter>
    </CudaCompile>
    <CudaCompile Include="src\onnxplugin\plugins\HSigmoid.cu">
      <Filter>src\onnxplugin\plugins</Filter>
    </CudaCompile>
    <CudaCompile Include="src\infer\ct_detect_backend.cu">
      <Filter>src\infer</Filter>
    </CudaCompile>
    <CudaCompile Include="src\infer\trt_infer_norm.cu">
      <Filter>src\infer</Filter>
    </CudaCompile>
    <CudaCompile Include="src\infer\dbface_backend.cu">
      <Filter>src\infer</Filter>
    </CudaCompile>
    <CudaCompile Include="src\infer\trt_backend.cpp">
      <Filter>src\infer</Filter>
    </CudaCompile>
    <CudaCompile Include="src\onnx_parser\ResizeNearest.cu">
      <Filter>src\onnx_parser</Filter>
    </CudaCompile>
    <CudaCompile Include="src\onnx_parser\Split.cu">
      <Filter>src\onnx_parser</Filter>
    </CudaCompile>
    <CudaCompile Include="src\caffeplugin\plugins\ChannelMultiplicationLayer.cu">
      <Filter>src\caffeplugin\plugins</Filter>
    </CudaCompile>
    <CudaCompile Include="src\caffeplugin\plugins\ClipLayer.cu">
      <Filter>src\caffeplugin\plugins</Filter>
    </CudaCompile>
    <CudaCompile Include="src\caffeplugin\plugins\DCNLayer.cu">
      <Filter>src\caffeplugin\plugins</Filter>
    </CudaCompile>
    <CudaCompile Include="src\caffeplugin\plugins\PlexShuffleLayer.cu">
      <Filter>src\caffeplugin\plugins</Filter>
    </CudaCompile>
    <CudaCompile Include="src\caffeplugin\plugins\TestPlugin.cu">
      <Filter>src\caffeplugin\plugins</Filter>
    </CudaCompile>
  </ItemGroup>
</Project>